
Microsoft Visual Studio Solution File, Format Version 12.00
# Visual Studio 2013
VisualStudioVersion = 12.0.21005.1
MinimumVisualStudioVersion = 10.0.40219.1
Project("{FAE04EC0-301F-11D3-BF4B-00C04F79EFBC}") = "Task_dev_9_WebDriver", "Task_dev_9_WebDriver\Task_dev_9_WebDriver.csproj", "{52D3A34B-7219-4094-817B-2DFAF157D076}"
EndProject
Project("{2150E333-8FDC-42A3-9474-1A3956D46DE8}") = ".nuget", ".nuget", "{B57AA302-7CD3-4998-AC78-08EDFC481945}"
	ProjectSection(SolutionItems) = preProject
		.nuget\packages.config = .nuget\packages.config
	EndProjectSection
EndProject
Global
	GlobalSection(SolutionConfigurationPlatforms) = preSolution
		Debug|Any CPU = Debug|Any CPU
		Release|Any CPU = Release|Any CPU
	EndGlobalSection
	GlobalSection(ProjectConfigurationPlatforms) = postSolution
		{52D3A34B-7219-4094-817B-2DFAF157D076}.Debug|Any CPU.ActiveCfg = Debug|Any CPU
		{52D3A34B-7219-4094-817B-2DFAF157D076}.Debug|Any CPU.Build.0 = Debug|Any CPU
		{52D3A34B-7219-4094-817B-2DFAF157D076}.Release|Any CPU.ActiveCfg = Release|Any CPU
		{52D3A34B-7219-4094-817B-2DFAF157D076}.Release|Any CPU.Build.0 = Release|Any CPU
	EndGlobalSection
	GlobalSection(SolutionProperties) = preSolution
		HideSolutionNode = FALSE
	EndGlobalSection
EndGlobal
